Microsoft Visual Studio Solution File, Format Version 11.00
# Visual Studio 2008

Project("{3D2679F2-BBB7-61F6-CF7A-781F493B0990}") = "Hands Of Fate", "Assembly-CSharp-firstpass.csproj", "{DE715A71-15F5-ED71-9130-43E570517021}"
EndProject
Project("{3D2679F2-BBB7-61F6-CF7A-781F493B0990}") = "Hands Of Fate", "Assembly-CSharp.csproj", "{F4E4A60B-C370-DD51-16D0-18D0217EDE56}"
EndProject
Project("{3D2679F2-BBB7-61F6-CF7A-781F493B0990}") = "Hands Of Fate", "Assembly-CSharp-Editor.csproj", "{799F157D-2B7C-F209-69B9-14FF4DFBEF1A}"
EndProject
Project("{3D2679F2-BBB7-61F6-CF7A-781F493B0990}") = "Hands Of Fate", "Assembly-UnityScript-firstpass.unityproj", "{9D33E705-B509-6777-AE36-A3C04F624770}"
EndProject
Project("{3D2679F2-BBB7-61F6-CF7A-781F493B0990}") = "Hands Of Fate", "Assembly-UnityScript.unityproj", "{3319EBA7-51AC-9492-BF18-F084923F96DE}"
EndProject
Project("{3D2679F2-BBB7-61F6-CF7A-781F493B0990}") = "Hands Of Fate", "Assembly-UnityScript-Editor.unityproj", "{45D1B98B-7824-5C0E-8739-C25353045C65}"
EndProject
Global
	GlobalSection(SolutionConfigurationPlatforms) = preSolution
		Debug|Any CPU = Debug|Any CPU
		Release|Any CPU = Release|Any CPU
	EndGlobalSection
	GlobalSection(ProjectConfigurationPlatforms) = postSolution
		{DE715A71-15F5-ED71-9130-43E570517021}.Debug|Any CPU.ActiveCfg = Debug|Any CPU
		{DE715A71-15F5-ED71-9130-43E570517021}.Debug|Any CPU.Build.0 = Debug|Any CPU
		{DE715A71-15F5-ED71-9130-43E570517021}.Release|Any CPU.ActiveCfg = Release|Any CPU
		{DE715A71-15F5-ED71-9130-43E570517021}.Release|Any CPU.Build.0 = Release|Any CPU
		{F4E4A60B-C370-DD51-16D0-18D0217EDE56}.Debug|Any CPU.ActiveCfg = Debug|Any CPU
		{F4E4A60B-C370-DD51-16D0-18D0217EDE56}.Debug|Any CPU.Build.0 = Debug|Any CPU
		{F4E4A60B-C370-DD51-16D0-18D0217EDE56}.Release|Any CPU.ActiveCfg = Release|Any CPU
		{F4E4A60B-C370-DD51-16D0-18D0217EDE56}.Release|Any CPU.Build.0 = Release|Any CPU
		{799F157D-2B7C-F209-69B9-14FF4DFBEF1A}.Debug|Any CPU.ActiveCfg = Debug|Any CPU
		{799F157D-2B7C-F209-69B9-14FF4DFBEF1A}.Debug|Any CPU.Build.0 = Debug|Any CPU
		{799F157D-2B7C-F209-69B9-14FF4DFBEF1A}.Release|Any CPU.ActiveCfg = Release|Any CPU
		{799F157D-2B7C-F209-69B9-14FF4DFBEF1A}.Release|Any CPU.Build.0 = Release|Any CPU
		{9D33E705-B509-6777-AE36-A3C04F624770}.Debug|Any CPU.ActiveCfg = Debug|Any CPU
		{9D33E705-B509-6777-AE36-A3C04F624770}.Debug|Any CPU.Build.0 = Debug|Any CPU
		{9D33E705-B509-6777-AE36-A3C04F624770}.Release|Any CPU.ActiveCfg = Release|Any CPU
		{9D33E705-B509-6777-AE36-A3C04F624770}.Release|Any CPU.Build.0 = Release|Any CPU
		{3319EBA7-51AC-9492-BF18-F084923F96DE}.Debug|Any CPU.ActiveCfg = Debug|Any CPU
		{3319EBA7-51AC-9492-BF18-F084923F96DE}.Debug|Any CPU.Build.0 = Debug|Any CPU
		{3319EBA7-51AC-9492-BF18-F084923F96DE}.Release|Any CPU.ActiveCfg = Release|Any CPU
		{3319EBA7-51AC-9492-BF18-F084923F96DE}.Release|Any CPU.Build.0 = Release|Any CPU
		{45D1B98B-7824-5C0E-8739-C25353045C65}.Debug|Any CPU.ActiveCfg = Debug|Any CPU
		{45D1B98B-7824-5C0E-8739-C25353045C65}.Debug|Any CPU.Build.0 = Debug|Any CPU
		{45D1B98B-7824-5C0E-8739-C25353045C65}.Release|Any CPU.ActiveCfg = Release|Any CPU
		{45D1B98B-7824-5C0E-8739-C25353045C65}.Release|Any CPU.Build.0 = Release|Any CPU
	EndGlobalSection
	GlobalSection(SolutionProperties) = preSolution
		HideSolutionNode = FALSE
	EndGlobalSection
																																																		GlobalSection(MonoDevelopProperties) = preSolution
		StartupItem = Assembly-CSharp.csproj
		Policies = $0
		$0.TextStylePolicy = $1
		$1.inheritsSet = null
		$1.scope = text/x-csharp
		$0.CSharpFormattingPolicy = $2
		$2.inheritsSet = Mono
		$2.inheritsScope = text/x-csharp
		$2.scope = text/x-csharp
		$0.TextStylePolicy = $3
		$3.FileWidth = 120
		$3.TabWidth = 4
		$3.EolMarker = Unix
		$3.inheritsSet = Mono
		$3.inheritsScope = text/plain
		$3.scope = text/plain
	EndGlobalSection

EndGlobal
