Microsoft Visual Studio Solution File, Format Version 11.00
# Visual Studio 2008

Project("{BE7B30B8-FC6F-173A-F2A2-A1B2E3621327}") = "pucsp-hands-of-fate-2014", "Assembly-CSharp-firstpass-vs.csproj", "{A88C50E1-F760-70AC-8F9C-2A1474CA41F3}"
EndProject
Project("{BE7B30B8-FC6F-173A-F2A2-A1B2E3621327}") = "pucsp-hands-of-fate-2014", "Assembly-CSharp-vs.csproj", "{1845F782-1905-8857-CF72-62ED81791F22}"
EndProject
Project("{BE7B30B8-FC6F-173A-F2A2-A1B2E3621327}") = "pucsp-hands-of-fate-2014", "Assembly-CSharp-Editor-vs.csproj", "{D0227639-0212-EC80-CCEE-6771A9BB052D}"
EndProject
Global
	GlobalSection(SolutionConfigurationPlatforms) = preSolution
		Debug|Any CPU = Debug|Any CPU
		Release|Any CPU = Release|Any CPU
	EndGlobalSection
	GlobalSection(ProjectConfigurationPlatforms) = postSolution
		{A88C50E1-F760-70AC-8F9C-2A1474CA41F3}.Debug|Any CPU.ActiveCfg = Debug|Any CPU
		{A88C50E1-F760-70AC-8F9C-2A1474CA41F3}.Debug|Any CPU.Build.0 = Debug|Any CPU
		{A88C50E1-F760-70AC-8F9C-2A1474CA41F3}.Release|Any CPU.ActiveCfg = Release|Any CPU
		{A88C50E1-F760-70AC-8F9C-2A1474CA41F3}.Release|Any CPU.Build.0 = Release|Any CPU
		{1845F782-1905-8857-CF72-62ED81791F22}.Debug|Any CPU.ActiveCfg = Debug|Any CPU
		{1845F782-1905-8857-CF72-62ED81791F22}.Debug|Any CPU.Build.0 = Debug|Any CPU
		{1845F782-1905-8857-CF72-62ED81791F22}.Release|Any CPU.ActiveCfg = Release|Any CPU
		{1845F782-1905-8857-CF72-62ED81791F22}.Release|Any CPU.Build.0 = Release|Any CPU
		{D0227639-0212-EC80-CCEE-6771A9BB052D}.Debug|Any CPU.ActiveCfg = Debug|Any CPU
		{D0227639-0212-EC80-CCEE-6771A9BB052D}.Debug|Any CPU.Build.0 = Debug|Any CPU
		{D0227639-0212-EC80-CCEE-6771A9BB052D}.Release|Any CPU.ActiveCfg = Release|Any CPU
		{D0227639-0212-EC80-CCEE-6771A9BB052D}.Release|Any CPU.Build.0 = Release|Any CPU
	EndGlobalSection
	GlobalSection(SolutionProperties) = preSolution
		HideSolutionNode = FALSE
	EndGlobalSection
		GlobalSection(MonoDevelopProperties) = preSolution
		StartupItem = Assembly-CSharp.csproj
		Policies = $0
		$0.TextStylePolicy = $1
		$1.inheritsSet = null
		$1.scope = text/x-csharp
		$0.CSharpFormattingPolicy = $2
		$2.inheritsSet = Mono
		$2.inheritsScope = text/x-csharp
		$2.scope = text/x-csharp
		$0.TextStylePolicy = $3
		$3.FileWidth = 120
		$3.TabWidth = 4
		$3.EolMarker = Unix
		$3.inheritsSet = Mono
		$3.inheritsScope = text/plain
		$3.scope = text/plain
	EndGlobalSection

EndGlobal
